{
  "version": 4,
  "terraform_version": "0.12.20",
  "serial": 15,
  "lineage": "7e0dbb4e-9412-02a1-d5d2-ba3c0b938a5b",
  "outputs": {},
  "resources": [
    {
      "mode": "managed",
      "type": "azurerm_cosmosdb_account",
      "name": "db",
      "provider": "provider.azurerm",
      "instances": [
        {
          "schema_version": 0,
          "attributes": {
            "capabilities": [],
            "connection_strings": [
              "mongodb://events-database:DLQ2kRaqCn5gVz1ImLr9CSi5NPooRNiSxE1IDC0uxgcmwuhKEyxwERNtrYrTD44dQydJgsmIxIXW9VWl9TPaIw==@events-database.documents.azure.com:10255/?ssl=true\u0026replicaSet=globaldb",
              "mongodb://events-database:lxb4QlwUmvGsOTZMVInLbk6joBwXzW9VosOCLhyNn5zXuxHyHg6F88Grx2cG52W4JE2UbUdhT1ks4vdhL1vW3Q==@events-database.documents.azure.com:10255/?ssl=true\u0026replicaSet=globaldb",
              "mongodb://events-database:YDqfcdedst4g71RK6KQulRBBeunZoEBR5lczQpJqMosumqoCGZpVSgwAeo1W3lnFHqoJyMhe6uGWlNnOB8P68Q==@events-database.documents.azure.com:10255/?ssl=true\u0026replicaSet=globaldb",
              "mongodb://events-database:IgXq4X1GMPizvPXyCpzQ8TCMAhk2CnFMngYWFkbaHdMIUIVwkeavOKfpU6qxxBRhfP6blydMjzTQcVjIjc8N0A==@events-database.documents.azure.com:10255/?ssl=true\u0026replicaSet=globaldb"
            ],
            "consistency_policy": [
              {
                "consistency_level": "BoundedStaleness",
                "max_interval_in_seconds": 10,
                "max_staleness_prefix": 200
              }
            ],
            "enable_automatic_failover": false,
            "enable_multiple_write_locations": false,
            "endpoint": "https://events-database.documents.azure.com:443/",
            "geo_location": [
              {
                "failover_priority": 0,
                "id": "cosmos-db-customid",
                "location": "westus2",
                "prefix": "cosmos-db-customid"
              }
            ],
            "id": "/subscriptions/5f549d28-a506-4f2f-b44a-6b609a01e13f/resourceGroups/cosmosdbgroup/providers/Microsoft.DocumentDB/databaseAccounts/events-database",
            "ip_range_filter": "",
            "is_virtual_network_filter_enabled": false,
            "kind": "MongoDB",
            "location": "westus2",
            "name": "events-database",
            "offer_type": "Standard",
            "primary_master_key": "DLQ2kRaqCn5gVz1ImLr9CSi5NPooRNiSxE1IDC0uxgcmwuhKEyxwERNtrYrTD44dQydJgsmIxIXW9VWl9TPaIw==",
            "primary_readonly_master_key": "YDqfcdedst4g71RK6KQulRBBeunZoEBR5lczQpJqMosumqoCGZpVSgwAeo1W3lnFHqoJyMhe6uGWlNnOB8P68Q==",
            "read_endpoints": [
              "https://cosmos-db-customid.documents.azure.com:443/"
            ],
            "resource_group_name": "cosmosdbgroup",
            "secondary_master_key": "lxb4QlwUmvGsOTZMVInLbk6joBwXzW9VosOCLhyNn5zXuxHyHg6F88Grx2cG52W4JE2UbUdhT1ks4vdhL1vW3Q==",
            "secondary_readonly_master_key": "IgXq4X1GMPizvPXyCpzQ8TCMAhk2CnFMngYWFkbaHdMIUIVwkeavOKfpU6qxxBRhfP6blydMjzTQcVjIjc8N0A==",
            "tags": null,
            "timeouts": null,
            "virtual_network_rule": [],
            "write_endpoints": [
              "https://cosmos-db-customid.documents.azure.com:443/"
            ]
          },
          "private": "eyJlMmJmYjczMC1lY2FhLTExZTYtOGY4OC0zNDM2M2JjN2M0YzAiOnsiY3JlYXRlIjoxMDgwMDAwMDAwMDAwMCwiZGVsZXRlIjoxMDgwMDAwMDAwMDAwMCwicmVhZCI6MzAwMDAwMDAwMDAwLCJ1cGRhdGUiOjEwODAwMDAwMDAwMDAwfX0=",
          "dependencies": [
            "azurerm_resource_group.example"
          ]
        }
      ]
    },
    {
      "mode": "managed",
      "type": "azurerm_resource_group",
      "name": "example",
      "provider": "provider.azurerm",
      "instances": [
        {
          "schema_version": 0,
          "attributes": {
            "id": "/subscriptions/5f549d28-a506-4f2f-b44a-6b609a01e13f/resourceGroups/cosmosdbgroup",
            "location": "westus2",
            "name": "cosmosdbgroup",
            "tags": null,
            "timeouts": null
          },
          "private": "eyJlMmJmYjczMC1lY2FhLTExZTYtOGY4OC0zNDM2M2JjN2M0YzAiOnsiY3JlYXRlIjo1NDAwMDAwMDAwMDAwLCJkZWxldGUiOjU0MDAwMDAwMDAwMDAsInJlYWQiOjMwMDAwMDAwMDAwMCwidXBkYXRlIjo1NDAwMDAwMDAwMDAwfX0="
        }
      ]
    }
  ]
}
