{
  "version": 4,
  "terraform_version": "0.12.20",
  "serial": 7,
  "lineage": "b1facf02-998a-cb3e-d463-483b768f3c7b",
  "outputs": {},
  "resources": [
    {
      "mode": "managed",
      "type": "azurerm_container_group",
      "name": "example",
      "provider": "provider.azurerm",
      "instances": [
        {
          "schema_version": 0,
          "attributes": {
            "container": [
              {
                "commands": [],
                "cpu": 1,
                "environment_variables": null,
                "gpu": [],
                "image": "syagolnikov/event-consumer-svc:1.0.1",
                "liveness_probe": [],
                "memory": 2,
                "name": "eventconsumersvc",
                "ports": [
                  {
                    "port": 80,
                    "protocol": "TCP"
                  }
                ],
                "readiness_probe": [],
                "secure_environment_variables": {
                  "COSMOS_DB_ENDPOINT": "https://events-database.documents.azure.com:443/",
                  "COSMOS_DB_MASTERKEY": "aIfVCiaQkiexmlthtysPerQ2nv3lKRrOLFmTPQNdVzPKTdwtrn7cBL610shnQkBuVvNtfna7KUpLbdUmp1oYrw==",
                  "COSMOS_DB_USERNAME": "events-database"
                },
                "volume": []
              }
            ],
            "diagnostics": [],
            "dns_name_label": "",
            "fqdn": "",
            "id": "/subscriptions/5f549d28-a506-4f2f-b44a-6b609a01e13f/resourceGroups/cosmosdbgroup/providers/Microsoft.ContainerInstance/containerGroups/eventconsumer",
            "identity": [],
            "image_registry_credential": [],
            "ip_address": "10.1.0.4",
            "ip_address_type": "Private",
            "location": "westus2",
            "name": "eventconsumer",
            "network_profile_id": "/subscriptions/5f549d28-a506-4f2f-b44a-6b609a01e13f/resourceGroups/cosmosdbgroup/providers/Microsoft.Network/networkProfiles/examplenetprofile",
            "os_type": "Linux",
            "resource_group_name": "cosmosdbgroup",
            "restart_policy": "Always",
            "tags": null,
            "timeouts": null
          },
          "private": "eyJlMmJmYjczMC1lY2FhLTExZTYtOGY4OC0zNDM2M2JjN2M0YzAiOnsiY3JlYXRlIjoxODAwMDAwMDAwMDAwLCJkZWxldGUiOjE4MDAwMDAwMDAwMDAsInJlYWQiOjMwMDAwMDAwMDAwMCwidXBkYXRlIjoxODAwMDAwMDAwMDAwfX0=",
          "dependencies": [
            "azurerm_cosmosdb_account.db",
            "azurerm_network_profile.example",
            "azurerm_resource_group.example",
            "azurerm_subnet.example",
            "azurerm_virtual_network.example"
          ]
        }
      ]
    },
    {
      "mode": "managed",
      "type": "azurerm_cosmosdb_account",
      "name": "db",
      "provider": "provider.azurerm",
      "instances": [
        {
          "schema_version": 0,
          "attributes": {
            "capabilities": [],
            "connection_strings": [
              "mongodb://events-database:aIfVCiaQkiexmlthtysPerQ2nv3lKRrOLFmTPQNdVzPKTdwtrn7cBL610shnQkBuVvNtfna7KUpLbdUmp1oYrw==@events-database.documents.azure.com:10255/?ssl=true\u0026replicaSet=globaldb",
              "mongodb://events-database:14pEycRDEmQLileroaTENZ8ddJfEIxFUgX1ayz2yYw3TlfFh5ocWBd6CEm5rUreRG6ZpWFLoLge8Q1qKyqUP3w==@events-database.documents.azure.com:10255/?ssl=true\u0026replicaSet=globaldb",
              "mongodb://events-database:51EVYCgLL9A3oJq1Jz1TfYhR56iqo8CqY294RLxI8f1X8hhdRHuigXbkSuLtFd6RFP0xLLfRSa0cBqTZ6wRM4Q==@events-database.documents.azure.com:10255/?ssl=true\u0026replicaSet=globaldb",
              "mongodb://events-database:kc1Cq4jBP1Syxlc6jQDU6MWlcRWWwchHTzNAsZvx9awQSZWUoIDWDwN0ZJ2fbk8dX7xrZvX8fvoBUy0iTLvXew==@events-database.documents.azure.com:10255/?ssl=true\u0026replicaSet=globaldb"
            ],
            "consistency_policy": [
              {
                "consistency_level": "BoundedStaleness",
                "max_interval_in_seconds": 10,
                "max_staleness_prefix": 200
              }
            ],
            "enable_automatic_failover": false,
            "enable_multiple_write_locations": false,
            "endpoint": "https://events-database.documents.azure.com:443/",
            "geo_location": [
              {
                "failover_priority": 0,
                "id": "cosmos-db-customid",
                "location": "westus2",
                "prefix": "cosmos-db-customid"
              }
            ],
            "id": "/subscriptions/5f549d28-a506-4f2f-b44a-6b609a01e13f/resourceGroups/cosmosdbgroup/providers/Microsoft.DocumentDB/databaseAccounts/events-database",
            "ip_range_filter": "",
            "is_virtual_network_filter_enabled": false,
            "kind": "MongoDB",
            "location": "westus2",
            "name": "events-database",
            "offer_type": "Standard",
            "primary_master_key": "aIfVCiaQkiexmlthtysPerQ2nv3lKRrOLFmTPQNdVzPKTdwtrn7cBL610shnQkBuVvNtfna7KUpLbdUmp1oYrw==",
            "primary_readonly_master_key": "51EVYCgLL9A3oJq1Jz1TfYhR56iqo8CqY294RLxI8f1X8hhdRHuigXbkSuLtFd6RFP0xLLfRSa0cBqTZ6wRM4Q==",
            "read_endpoints": [
              "https://cosmos-db-customid.documents.azure.com:443/"
            ],
            "resource_group_name": "cosmosdbgroup",
            "secondary_master_key": "14pEycRDEmQLileroaTENZ8ddJfEIxFUgX1ayz2yYw3TlfFh5ocWBd6CEm5rUreRG6ZpWFLoLge8Q1qKyqUP3w==",
            "secondary_readonly_master_key": "kc1Cq4jBP1Syxlc6jQDU6MWlcRWWwchHTzNAsZvx9awQSZWUoIDWDwN0ZJ2fbk8dX7xrZvX8fvoBUy0iTLvXew==",
            "tags": null,
            "timeouts": null,
            "virtual_network_rule": [],
            "write_endpoints": [
              "https://cosmos-db-customid.documents.azure.com:443/"
            ]
          },
          "private": "eyJlMmJmYjczMC1lY2FhLTExZTYtOGY4OC0zNDM2M2JjN2M0YzAiOnsiY3JlYXRlIjoxMDgwMDAwMDAwMDAwMCwiZGVsZXRlIjoxMDgwMDAwMDAwMDAwMCwicmVhZCI6MzAwMDAwMDAwMDAwLCJ1cGRhdGUiOjEwODAwMDAwMDAwMDAwfX0=",
          "dependencies": [
            "azurerm_resource_group.example"
          ]
        }
      ]
    },
    {
      "mode": "managed",
      "type": "azurerm_network_profile",
      "name": "example",
      "provider": "provider.azurerm",
      "instances": [
        {
          "schema_version": 0,
          "attributes": {
            "container_network_interface": [
              {
                "ip_configuration": [
                  {
                    "name": "exampleipconfig",
                    "subnet_id": "/subscriptions/5f549d28-a506-4f2f-b44a-6b609a01e13f/resourceGroups/cosmosdbgroup/providers/Microsoft.Network/virtualNetworks/examplevnet/subnets/examplesubnet"
                  }
                ],
                "name": "examplecnic"
              }
            ],
            "container_network_interface_ids": [],
            "id": "/subscriptions/5f549d28-a506-4f2f-b44a-6b609a01e13f/resourceGroups/cosmosdbgroup/providers/Microsoft.Network/networkProfiles/examplenetprofile",
            "location": "westus2",
            "name": "examplenetprofile",
            "resource_group_name": "cosmosdbgroup",
            "tags": null,
            "timeouts": null
          },
          "private": "eyJlMmJmYjczMC1lY2FhLTExZTYtOGY4OC0zNDM2M2JjN2M0YzAiOnsiY3JlYXRlIjoxODAwMDAwMDAwMDAwLCJkZWxldGUiOjE4MDAwMDAwMDAwMDAsInJlYWQiOjMwMDAwMDAwMDAwMCwidXBkYXRlIjoxODAwMDAwMDAwMDAwfX0=",
          "dependencies": [
            "azurerm_resource_group.example",
            "azurerm_subnet.example",
            "azurerm_virtual_network.example"
          ]
        }
      ]
    },
    {
      "mode": "managed",
      "type": "azurerm_resource_group",
      "name": "example",
      "provider": "provider.azurerm",
      "instances": [
        {
          "schema_version": 0,
          "attributes": {
            "id": "/subscriptions/5f549d28-a506-4f2f-b44a-6b609a01e13f/resourceGroups/cosmosdbgroup",
            "location": "westus2",
            "name": "cosmosdbgroup",
            "tags": null,
            "timeouts": null
          },
          "private": "eyJlMmJmYjczMC1lY2FhLTExZTYtOGY4OC0zNDM2M2JjN2M0YzAiOnsiY3JlYXRlIjo1NDAwMDAwMDAwMDAwLCJkZWxldGUiOjU0MDAwMDAwMDAwMDAsInJlYWQiOjMwMDAwMDAwMDAwMCwidXBkYXRlIjo1NDAwMDAwMDAwMDAwfX0="
        }
      ]
    },
    {
      "mode": "managed",
      "type": "azurerm_subnet",
      "name": "example",
      "provider": "provider.azurerm",
      "instances": [
        {
          "schema_version": 0,
          "attributes": {
            "address_prefix": "10.1.0.0/24",
            "delegation": [
              {
                "name": "delegation",
                "service_delegation": [
                  {
                    "actions": [
                      "Microsoft.Network/virtualNetworks/subnets/action"
                    ],
                    "name": "Microsoft.ContainerInstance/containerGroups"
                  }
                ]
              }
            ],
            "enforce_private_link_endpoint_network_policies": false,
            "enforce_private_link_service_network_policies": false,
            "id": "/subscriptions/5f549d28-a506-4f2f-b44a-6b609a01e13f/resourceGroups/cosmosdbgroup/providers/Microsoft.Network/virtualNetworks/examplevnet/subnets/examplesubnet",
            "name": "examplesubnet",
            "resource_group_name": "cosmosdbgroup",
            "service_endpoints": null,
            "timeouts": null,
            "virtual_network_name": "examplevnet"
          },
          "private": "eyJlMmJmYjczMC1lY2FhLTExZTYtOGY4OC0zNDM2M2JjN2M0YzAiOnsiY3JlYXRlIjoxODAwMDAwMDAwMDAwLCJkZWxldGUiOjE4MDAwMDAwMDAwMDAsInJlYWQiOjMwMDAwMDAwMDAwMCwidXBkYXRlIjoxODAwMDAwMDAwMDAwfX0=",
          "dependencies": [
            "azurerm_resource_group.example",
            "azurerm_virtual_network.example"
          ]
        }
      ]
    },
    {
      "mode": "managed",
      "type": "azurerm_virtual_network",
      "name": "example",
      "provider": "provider.azurerm",
      "instances": [
        {
          "schema_version": 0,
          "attributes": {
            "address_space": [
              "10.1.0.0/16"
            ],
            "ddos_protection_plan": [],
            "dns_servers": null,
            "id": "/subscriptions/5f549d28-a506-4f2f-b44a-6b609a01e13f/resourceGroups/cosmosdbgroup/providers/Microsoft.Network/virtualNetworks/examplevnet",
            "location": "westus2",
            "name": "examplevnet",
            "resource_group_name": "cosmosdbgroup",
            "subnet": [],
            "tags": null,
            "timeouts": null
          },
          "private": "eyJlMmJmYjczMC1lY2FhLTExZTYtOGY4OC0zNDM2M2JjN2M0YzAiOnsiY3JlYXRlIjoxODAwMDAwMDAwMDAwLCJkZWxldGUiOjE4MDAwMDAwMDAwMDAsInJlYWQiOjMwMDAwMDAwMDAwMCwidXBkYXRlIjoxODAwMDAwMDAwMDAwfX0=",
          "dependencies": [
            "azurerm_resource_group.example"
          ]
        }
      ]
    }
  ]
}
